<?xml version="1.0" encoding="utf-8"?>
<Project ToolsVersion="4.0" xmlns="http://schemas.microsoft.com/developer/msbuild/2003">
  <ItemGroup>
    <Filter Include="Source Files">
      <UniqueIdentifier>{4FC737F1-C7A5-4376-A066-2A32D752A2FF}</UniqueIdentifier>
      <Extensions>cpp;c;cc;cxx;c++;cppm;ixx;def;odl;idl;hpj;bat;asm;asmx</Extensions>
    </Filter>
    <Filter Include="Header Files">
      <UniqueIdentifier>{93995380-89BD-4b04-88EB-625FBE52EBFB}</UniqueIdentifier>
      <Extensions>h;hh;hpp;hxx;h++;hm;inl;inc;ipp;xsd</Extensions>
    </Filter>
    <Filter Include="Resource Files">
      <UniqueIdentifier>{67DA6AB6-F800-4c08-8B7A-83BB121AAD01}</UniqueIdentifier>
      <Extensions>rc;ico;cur;bmp;dlg;rc2;rct;bin;rgs;gif;jpg;jpeg;jpe;resx;tiff;tif;png;wav;mfcribbon-ms</Extensions>
    </Filter>
  </ItemGroup>
  <ItemGroup>
    <ClInclude Include="source\hooking\hooking.h">
      <Filter>Header Files</Filter>
    </ClInclude>
    <ClInclude Include="source\logger\logger.h">
      <Filter>Header Files</Filter>
    </ClInclude>
    <ClInclude Include="source\sdk\sdk.h">
      <Filter>Header Files</Filter>
    </ClInclude>
    <ClInclude Include="source\common.h">
      <Filter>Header Files</Filter>
    </ClInclude>
    <ClInclude Include="libraries\detours\include\detours.h">
      <Filter>Header Files</Filter>
    </ClInclude>
    <ClInclude Include="libraries\detours\include\detver.h">
      <Filter>Header Files</Filter>
    </ClInclude>
    <ClInclude Include="libraries\detours\include\syelog.h">
      <Filter>Header Files</Filter>
    </ClInclude>
    <ClInclude Include="libraries\imgui\imconfig.h">
      <Filter>Header Files</Filter>
    </ClInclude>
    <ClInclude Include="libraries\imgui\imgui.h">
      <Filter>Header Files</Filter>
    </ClInclude>
    <ClInclude Include="libraries\imgui\imgui_impl_dx11.h">
      <Filter>Header Files</Filter>
    </ClInclude>
    <ClInclude Include="libraries\imgui\imgui_impl_win32.h">
      <Filter>Header Files</Filter>
    </ClInclude>
    <ClInclude Include="libraries\imgui\imgui_internal.h">
      <Filter>Header Files</Filter>
    </ClInclude>
    <ClInclude Include="libraries\imgui\imgui_stdlib.h">
      <Filter>Header Files</Filter>
    </ClInclude>
    <ClInclude Include="libraries\imgui\imstb_rectpack.h">
      <Filter>Header Files</Filter>
    </ClInclude>
    <ClInclude Include="libraries\imgui\imstb_textedit.h">
      <Filter>Header Files</Filter>
    </ClInclude>
    <ClInclude Include="libraries\imgui\imstb_truetype.h">
      <Filter>Header Files</Filter>
    </ClInclude>
    <ClInclude Include="source\renderer\renderer.h">
      <Filter>Header Files</Filter>
    </ClInclude>
    <ClInclude Include="source\menu\menu.h">
      <Filter>Header Files</Filter>
    </ClInclude>
    <ClInclude Include="source\hooking\hooks\hooks.h">
      <Filter>Header Files</Filter>
    </ClInclude>
    <ClInclude Include="source\sdk\ExitLevel.h">
      <Filter>Header Files</Filter>
    </ClInclude>
    <ClInclude Include="source\sdk\GhostAI.h">
      <Filter>Header Files</Filter>
    </ClInclude>
    <ClInclude Include="source\sdk\EvidenceController.h">
      <Filter>Header Files</Filter>
    </ClInclude>
    <ClInclude Include="source\sdk\PauseMenuController.h">
      <Filter>Header Files</Filter>
    </ClInclude>
    <ClInclude Include="source\sdk\Player.h">
      <Filter>Header Files</Filter>
    </ClInclude>
    <ClInclude Include="source\sdk\ServerManager.h">
      <Filter>Header Files</Filter>
    </ClInclude>
    <ClInclude Include="source\sdk\MapController.h">
      <Filter>Header Files</Filter>
    </ClInclude>
    <ClInclude Include="source\sdk\GhostInfo.h">
      <Filter>Header Files</Filter>
    </ClInclude>
    <ClInclude Include="source\sdk\GhostTraits.h">
      <Filter>Header Files</Filter>
    </ClInclude>
    <ClInclude Include="source\sdk\Evidence.h">
      <Filter>Header Files</Filter>
    </ClInclude>
    <ClInclude Include="source\sdk\MediaValues.h">
      <Filter>Header Files</Filter>
    </ClInclude>
    <ClInclude Include="source\sdk\String.h">
      <Filter>Header Files</Filter>
    </ClInclude>
    <ClInclude Include="source\sdk\GameController.h">
      <Filter>Header Files</Filter>
    </ClInclude>
    <ClInclude Include="source\feature\player\godmode\godmode.h">
      <Filter>Header Files</Filter>
    </ClInclude>
    <ClInclude Include="source\feature\exploits\leavepeople\leavepeople.h">
      <Filter>Header Files</Filter>
    </ClInclude>
    <ClInclude Include="source\feature\visuals\ghostwindow\ghostwindow.h">
      <Filter>Header Files</Filter>
    </ClInclude>
    <ClInclude Include="source\feature\visuals\watermark\watermark.h">
      <Filter>Header Files</Filter>
    </ClInclude>
    <ClInclude Include="source\feature\feature.h">
      <Filter>Header Files</Filter>
    </ClInclude>
    <ClInclude Include="source\gamestate.h">
      <Filter>Header Files</Filter>
    </ClInclude>
    <ClInclude Include="source\feature\exploits\antikick\antikick.h">
      <Filter>Header Files</Filter>
    </ClInclude>
    <ClInclude Include="source\feature\visuals\ghostesp\ghostesp.h">
      <Filter>Header Files</Filter>
    </ClInclude>
    <ClInclude Include="source\feature\visuals\playeresp\playeresp.h">
      <Filter>Header Files</Filter>
    </ClInclude>
    <ClInclude Include="source\helper\helper.h">
      <Filter>Header Files</Filter>
    </ClInclude>
    <ClInclude Include="source\sdk\Camera.h">
      <Filter>Header Files</Filter>
    </ClInclude>
    <ClInclude Include="source\sdk\Component.h">
      <Filter>Header Files</Filter>
    </ClInclude>
    <ClInclude Include="source\sdk\Cursor.h">
      <Filter>Header Files</Filter>
    </ClInclude>
    <ClInclude Include="source\sdk\GhostEvidence.h">
      <Filter>Header Files</Filter>
    </ClInclude>
    <ClInclude Include="source\sdk\MethodInfo.h">
      <Filter>Header Files</Filter>
    </ClInclude>
    <ClInclude Include="source\sdk\PhotonNetwork.h">
      <Filter>Header Files</Filter>
    </ClInclude>
    <ClInclude Include="source\sdk\PlayerSanity.h">
      <Filter>Header Files</Filter>
    </ClInclude>
    <ClInclude Include="source\sdk\Transform.h">
      <Filter>Header Files</Filter>
    </ClInclude>
    <ClInclude Include="source\sdk\Vector3.h">
      <Filter>Header Files</Filter>
    </ClInclude>
    <ClInclude Include="source\sdk\MonoBehaviour.h">
      <Filter>Header Files</Filter>
    </ClInclude>
    <ClInclude Include="source\feature\visuals\evidenceesp\evidenceesp.h">
      <Filter>Header Files</Filter>
    </ClInclude>
    <ClInclude Include="source\sdk\Network.h">
      <Filter>Header Files</Filter>
    </ClInclude>
    <ClInclude Include="source\sdk\PlayerStamina.h">
      <Filter>Header Files</Filter>
    </ClInclude>
    <ClInclude Include="source\feature\movement\infinitestamina\infinitestamina.h">
      <Filter>Header Files</Filter>
    </ClInclude>
    <ClInclude Include="resources\fonts\RobotoMonoMediumFont.h">
      <Filter>Source Files</Filter>
    </ClInclude>
    <ClInclude Include="source\feature\movement\noclip\noclip.h">
      <Filter>Header Files</Filter>
    </ClInclude>
    <ClInclude Include="source\sdk\FirstPersonController.h">
      <Filter>Header Files</Filter>
    </ClInclude>
    <ClInclude Include="source\sdk\Collider.h">
      <Filter>Header Files</Filter>
    </ClInclude>
    <ClInclude Include="source\sdk\Time.h">
      <Filter>Header Files</Filter>
    </ClInclude>
    <ClInclude Include="source\sdk\Vector2.h">
      <Filter>Header Files</Filter>
    </ClInclude>
    <ClInclude Include="source\feature\curseditems\forcecard\forcecard.h">
      <Filter>Header Files</Filter>
    </ClInclude>
    <ClInclude Include="source\sdk\TarotCard.h">
      <Filter>Header Files</Filter>
    </ClInclude>
    <ClInclude Include="source\sdk\TarotCards.h">
      <Filter>Header Files</Filter>
    </ClInclude>
    <ClInclude Include="source\config\config.h">
      <Filter>Header Files</Filter>
    </ClInclude>
    <ClInclude Include="source\feature\movement\speed\speed.h">
      <Filter>Header Files</Filter>
    </ClInclude>
    <ClInclude Include="source\feature\movement\teleport\teleport.h">
      <Filter>Header Files</Filter>
    </ClInclude>
    <ClInclude Include="source\sdk\LevelRoom.h">
      <Filter>Header Files</Filter>
    </ClInclude>
    <ClInclude Include="source\sdk\EMF.h">
      <Filter>Header Files</Filter>
    </ClInclude>
    <ClInclude Include="source\feature\world\doormodifier\doormodifier.h">
      <Filter>Header Files</Filter>
    </ClInclude>
    <ClInclude Include="source\sdk\LevelController.h">
      <Filter>Header Files</Filter>
    </ClInclude>
    <ClInclude Include="source\sdk\Door.h">
      <Filter>Header Files</Filter>
    </ClInclude>
    <ClInclude Include="source\feature\setting.h">
      <Filter>Header Files</Filter>
    </ClInclude>
    <ClInclude Include="libraries\json\json.hpp">
      <Filter>Header Files</Filter>
    </ClInclude>
    <ClInclude Include="source\sdk\FuseBox.h">
      <Filter>Header Files</Filter>
    </ClInclude>
    <ClInclude Include="source\feature\visuals\fuseboxesp\fuseboxesp.h">
      <Filter>Header Files</Filter>
    </ClInclude>
    <ClInclude Include="source\feature\player\playermodifier\playermodifier.h">
      <Filter>Header Files</Filter>
    </ClInclude>
    <ClInclude Include="source\notifications\notifications.h">
      <Filter>Header Files</Filter>
    </ClInclude>
    <ClInclude Include="source\sdk\Quaternion.h">
      <Filter>Header Files</Filter>
    </ClInclude>
    <ClInclude Include="source\sdk\Marshal.h">
      <Filter>Header Files</Filter>
    </ClInclude>
    <ClInclude Include="source\feature\player\customname\customname.h">
      <Filter>Header Files</Filter>
    </ClInclude>
    <ClInclude Include="source\sdk\LevelValues.h">
      <Filter>Header Files</Filter>
    </ClInclude>
    <ClInclude Include="source\feature\exploits\rewardmodifier\rewardmodifier.h">
      <Filter>Header Files</Filter>
    </ClInclude>
    <ClInclude Include="source\sdk\DeadZoneController.h">
      <Filter>Header Files</Filter>
    </ClInclude>
    <ClInclude Include="source\feature\exploits\freemouselook\freemouselook.h">
      <Filter>Header Files</Filter>
    </ClInclude>
    <ClInclude Include="source\sdk\MouseLook.h">
      <Filter>Header Files</Filter>
    </ClInclude>
    <ClInclude Include="source\feature\ghost\ghostmodifier\ghostmodifier.h">
      <Filter>Header Files</Filter>
    </ClInclude>
    <ClInclude Include="source\sdk\GameObject.h">
      <Filter>Header Files</Filter>
    </ClInclude>
    <ClInclude Include="source\feature\ghost\interactor\interactor.h">
      <Filter>Header Files</Filter>
    </ClInclude>
    <ClInclude Include="source\sdk\GhostActivity.h">
      <Filter>Header Files</Filter>
    </ClInclude>
    <ClInclude Include="source\sdk\CursedItem.h">
      <Filter>Header Files</Filter>
    </ClInclude>
    <ClInclude Include="source\sdk\CursedItemController.h">
      <Filter>Header Files</Filter>
    </ClInclude>
    <ClInclude Include="source\feature\curseditems\curseditemmodifier\curseditemmodifier.h">
      <Filter>Header Files</Filter>
    </ClInclude>
    <ClInclude Include="source\sdk\RaycastHit.h">
      <Filter>Header Files</Filter>
    </ClInclude>
    <ClInclude Include="source\sdk\Rigidbody.h">
      <Filter>Header Files</Filter>
    </ClInclude>
    <ClInclude Include="source\sdk\PhysicsCharacterController.h">
      <Filter>Header Files</Filter>
    </ClInclude>
    <ClInclude Include="source\sdk\Matrix4x4.h">
      <Filter>Header Files</Filter>
    </ClInclude>
    <ClInclude Include="source\sdk\MainManager.h">
      <Filter>Header Files</Filter>
    </ClInclude>
    <ClInclude Include="source\sdk\EMFData.h">
      <Filter>Header Files</Filter>
    </ClInclude>
    <ClInclude Include="source\feature\visuals\activitymonitor\activitymonitor.h">
      <Filter>Header Files</Filter>
    </ClInclude>
    <ClInclude Include="source\sdk\LineRenderer.h">
      <Filter>Header Files</Filter>
    </ClInclude>
    <ClInclude Include="source\sdk\PhotonObjectInteract.h">
      <Filter>Header Files</Filter>
    </ClInclude>
    <ClInclude Include="source\feature\exploits\pickup\pickup.h">
      <Filter>Header Files</Filter>
    </ClInclude>
    <ClInclude Include="source\sdk\OuijaBoard.h">
      <Filter>Header Files</Filter>
    </ClInclude>
    <ClInclude Include="source\memory\memory.h">
      <Filter>Header Files</Filter>
    </ClInclude>
    <ClInclude Include="source\sdk\PhotonView.h">
      <Filter>Header Files</Filter>
    </ClInclude>
  </ItemGroup>
  <ItemGroup>
    <ClCompile Include="source\dllmain.cpp">
      <Filter>Source Files</Filter>
    </ClCompile>
    <ClCompile Include="source\hooking\hooking.cpp">
      <Filter>Source Files</Filter>
    </ClCompile>
    <ClCompile Include="source\logger\logger.cpp">
      <Filter>Source Files</Filter>
    </ClCompile>
    <ClCompile Include="libraries\imgui\imgui.cpp">
      <Filter>Source Files</Filter>
    </ClCompile>
    <ClCompile Include="libraries\imgui\imgui_demo.cpp">
      <Filter>Source Files</Filter>
    </ClCompile>
    <ClCompile Include="libraries\imgui\imgui_draw.cpp">
      <Filter>Source Files</Filter>
    </ClCompile>
    <ClCompile Include="libraries\imgui\imgui_impl_dx11.cpp">
      <Filter>Source Files</Filter>
    </ClCompile>
    <ClCompile Include="libraries\imgui\imgui_impl_win32.cpp">
      <Filter>Source Files</Filter>
    </ClCompile>
    <ClCompile Include="libraries\imgui\imgui_stdlib.cpp">
      <Filter>Source Files</Filter>
    </ClCompile>
    <ClCompile Include="libraries\imgui\imgui_tables.cpp">
      <Filter>Source Files</Filter>
    </ClCompile>
    <ClCompile Include="libraries\imgui\imgui_widgets.cpp">
      <Filter>Source Files</Filter>
    </ClCompile>
    <ClCompile Include="source\renderer\renderer.cpp">
      <Filter>Source Files</Filter>
    </ClCompile>
    <ClCompile Include="source\menu\menu.cpp">
      <Filter>Source Files</Filter>
    </ClCompile>
    <ClCompile Include="source\hooking\hooks\hkPresent.cpp">
      <Filter>Header Files</Filter>
    </ClCompile>
    <ClCompile Include="source\hooking\hooks\hkWndProc.cpp">
      <Filter>Header Files</Filter>
    </ClCompile>
    <ClCompile Include="source\feature\player\godmode\godmode.cpp">
      <Filter>Source Files</Filter>
    </ClCompile>
    <ClCompile Include="source\feature\exploits\leavepeople\leavepeople.cpp">
      <Filter>Source Files</Filter>
    </ClCompile>
    <ClCompile Include="source\feature\visuals\ghostwindow\ghostwindow.cpp">
      <Filter>Source Files</Filter>
    </ClCompile>
    <ClCompile Include="source\feature\visuals\watermark\watermark.cpp">
      <Filter>Source Files</Filter>
    </ClCompile>
    <ClCompile Include="source\feature\feature.cpp">
      <Filter>Source Files</Filter>
    </ClCompile>
    <ClCompile Include="source\feature\exploits\antikick\antikick.cpp">
      <Filter>Source Files</Filter>
    </ClCompile>
    <ClCompile Include="source\feature\visuals\ghostesp\ghostesp.cpp">
      <Filter>Source Files</Filter>
    </ClCompile>
    <ClCompile Include="source\feature\visuals\playeresp\playeresp.cpp">
      <Filter>Source Files</Filter>
    </ClCompile>
    <ClCompile Include="source\helper\helper.cpp">
      <Filter>Source Files</Filter>
    </ClCompile>
    <ClCompile Include="source\hooking\hooks\hkEvidenceController_Start.cpp">
      <Filter>Source Files</Filter>
    </ClCompile>
    <ClCompile Include="source\hooking\hooks\hkExitLevel_Exit.cpp">
      <Filter>Source Files</Filter>
    </ClCompile>
    <ClCompile Include="source\hooking\hooks\hkExitLevel_ThereAreAlivePlayersOutsideTheTruck.cpp">
      <Filter>Source Files</Filter>
    </ClCompile>
    <ClCompile Include="source\hooking\hooks\hkGameController_Exit.cpp">
      <Filter>Source Files</Filter>
    </ClCompile>
    <ClCompile Include="source\hooking\hooks\hkMapController_Start.cpp">
      <Filter>Source Files</Filter>
    </ClCompile>
    <ClCompile Include="source\hooking\hooks\hkPauseMenuController_Leave.cpp">
      <Filter>Source Files</Filter>
    </ClCompile>
    <ClCompile Include="source\hooking\hooks\hkPlayer_StartKillingPlayerNetworked.cpp">
      <Filter>Source Files</Filter>
    </ClCompile>
    <ClCompile Include="source\hooking\hooks\hkServerManager_KickPlayerNetworked.cpp">
      <Filter>Source Files</Filter>
    </ClCompile>
    <ClCompile Include="source\feature\visuals\evidenceesp\evidenceesp.cpp">
      <Filter>Source Files</Filter>
    </ClCompile>
    <ClCompile Include="source\hooking\hooks\hkPlayerStamina_Update.cpp">
      <Filter>Source Files</Filter>
    </ClCompile>
    <ClCompile Include="source\feature\movement\infinitestamina\infinitestamina.cpp">
      <Filter>Source Files</Filter>
    </ClCompile>
    <ClCompile Include="source\feature\movement\noclip\noclip.cpp">
      <Filter>Source Files</Filter>
    </ClCompile>
    <ClCompile Include="source\hooking\hooks\hkFirstPersonController_Update.cpp">
      <Filter>Source Files</Filter>
    </ClCompile>
    <ClCompile Include="source\feature\curseditems\forcecard\forcecard.cpp">
      <Filter>Source Files</Filter>
    </ClCompile>
    <ClCompile Include="source\hooking\hooks\hkTarotCard_SetCard.cpp">
      <Filter>Source Files</Filter>
    </ClCompile>
    <ClCompile Include="source\config\config.cpp">
      <Filter>Source Files</Filter>
    </ClCompile>
    <ClCompile Include="source\feature\movement\speed\speed.cpp">
      <Filter>Source Files</Filter>
    </ClCompile>
    <ClCompile Include="source\feature\movement\teleport\teleport.cpp">
      <Filter>Source Files</Filter>
    </ClCompile>
    <ClCompile Include="source\feature\world\doormodifier\doormodifier.cpp">
      <Filter>Source Files</Filter>
    </ClCompile>
    <ClCompile Include="source\hooking\hooks\hkFuseBox_Start.cpp">
      <Filter>Source Files</Filter>
    </ClCompile>
    <ClCompile Include="source\feature\visuals\fuseboxesp\fuseboxesp.cpp">
      <Filter>Source Files</Filter>
    </ClCompile>
    <ClCompile Include="source\feature\player\playermodifier\playermodifier.cpp">
      <Filter>Source Files</Filter>
    </ClCompile>
    <ClCompile Include="source\hooking\hooks\hkGhostAI_Hunting.cpp">
      <Filter>Source Files</Filter>
    </ClCompile>
    <ClCompile Include="source\feature\player\customname\customname.cpp">
      <Filter>Source Files</Filter>
    </ClCompile>
    <ClCompile Include="source\hooking\hooks\hkLevelValues_GetInvestigationBonus.cpp">
      <Filter>Source Files</Filter>
    </ClCompile>
    <ClCompile Include="source\feature\exploits\rewardmodifier\rewardmodifier.cpp">
      <Filter>Source Files</Filter>
    </ClCompile>
    <ClCompile Include="source\hooking\hooks\hkGhostAI_Start.cpp">
      <Filter>Source Files</Filter>
    </ClCompile>
    <ClCompile Include="source\hooking\hooks\hkDeadZoneController_Awake.cpp">
      <Filter>Source Files</Filter>
    </ClCompile>
    <ClCompile Include="source\feature\exploits\freemouselook\freemouselook.cpp">
      <Filter>Source Files</Filter>
    </ClCompile>
    <ClCompile Include="source\feature\ghost\ghostmodifier\ghostmodifier.cpp">
      <Filter>Source Files</Filter>
    </ClCompile>
    <ClCompile Include="source\hooking\hooks\hkGhostAI_Update.cpp">
      <Filter>Source Files</Filter>
    </ClCompile>
    <ClCompile Include="source\hooking\hooks\hkLevelValues_IsPerfectGame.cpp">
      <Filter>Header Files</Filter>
    </ClCompile>
    <ClCompile Include="source\feature\ghost\interactor\interactor.cpp">
      <Filter>Source Files</Filter>
    </ClCompile>
    <ClCompile Include="source\hooking\hooks\hkCursedItemController_Awake.cpp">
      <Filter>Source Files</Filter>
    </ClCompile>
    <ClCompile Include="source\feature\curseditems\curseditemmodifier\curseditemmodifier.cpp">
      <Filter>Source Files</Filter>
    </ClCompile>
    <ClCompile Include="source\hooking\hooks\hkEMFData_Start.cpp">
      <Filter>Source Files</Filter>
    </ClCompile>
    <ClCompile Include="source\feature\visuals\activitymonitor\activitymonitor.cpp">
      <Filter>Source Files</Filter>
    </ClCompile>
    <ClCompile Include="source\hooking\hooks\hkPhotonObjectInteract_Start.cpp">
      <Filter>Source Files</Filter>
    </ClCompile>
    <ClCompile Include="source\feature\exploits\pickup\pickup.cpp">
      <Filter>Source Files</Filter>
    </ClCompile>
    <ClCompile Include="source\memory\memory.cpp">
      <Filter>Source Files</Filter>
    </ClCompile>
  </ItemGroup>
  <ItemGroup>
    <Library Include="libraries\detours\lib\detours.lib" />
    <Library Include="libraries\detours\lib\syelog.lib" />
  </ItemGroup>
  <ItemGroup>
    <None Include="libraries\detours\lib\detours.pdb" />
  </ItemGroup>
  <ItemGroup>
    <Text Include="libraries\imgui\LICENSE.txt" />
  </ItemGroup>
</Project>